# This file is automatically @generated by Cargo.
# It is not intended for manual editing.
version = 4

[[package]]
name = "sllm-cli"
version = "0.1.0"
dependencies = [
 "sllm-hip",
]

[[package]]
name = "sllm-core"
version = "0.1.0"

[[package]]
name = "sllm-hip"
version = "0.1.0"
dependencies = [
 "sllm-core",
 "sllm-hip-sys",
]

[[package]]
name = "sllm-hip-sys"
version = "0.1.0"
