# This file is automatically @generated by Cargo.
# It is not intended for manual editing.
version = 4

[[package]]
name = "ullm-cli"
version = "0.1.0"
dependencies = [
 "ullm-hip",
]

[[package]]
name = "ullm-core"
version = "0.1.0"

[[package]]
name = "ullm-hip"
version = "0.1.0"
dependencies = [
 "ullm-core",
 "ullm-hip-sys",
]

[[package]]
name = "ullm-hip-sys"
version = "0.1.0"
